// !$*UTF8*$!
{
	archiveVersion = 1;
	classes = {
	};
	objectVersion = 50;
	objects = {

/* Begin PBXBuildFile section */
		6314C9A954157F7F6F097D7D /* Pods_BreakingBadCharacters.framework in Frameworks */ = {isa = PBXBuildFile; fileRef = 30CC7F45C4CD7405A1E2A664 /* Pods_BreakingBadCharacters.framework */; };
		6EB7581E25C976C90026E906 /* AppDelegate.swift in Sources */ = {isa = PBXBuildFile; fileRef = 6EB7581D25C976C90026E906 /* AppDelegate.swift */; };
		6EB7582025C976C90026E906 /* SceneDelegate.swift in Sources */ = {isa = PBXBuildFile; fileRef = 6EB7581F25C976C90026E906 /* SceneDelegate.swift */; };
		6EB7582225C976C90026E906 /* ContentView.swift in Sources */ = {isa = PBXBuildFile; fileRef = 6EB7582125C976C90026E906 /* ContentView.swift */; };
		6EB7582425C976CB0026E906 /* Assets.xcassets in Resources */ = {isa = PBXBuildFile; fileRef = 6EB7582325C976CB0026E906 /* Assets.xcassets */; };
		6EB7582725C976CB0026E906 /* Preview Assets.xcassets in Resources */ = {isa = PBXBuildFile; fileRef = 6EB7582625C976CB0026E906 /* Preview Assets.xcassets */; };
		6EB7582A25C976CB0026E906 /* LaunchScreen.storyboard in Resources */ = {isa = PBXBuildFile; fileRef = 6EB7582825C976CB0026E906 /* LaunchScreen.storyboard */; };
		6EB7583625C977810026E906 /* Constants.swift in Sources */ = {isa = PBXBuildFile; fileRef = 6EB7583525C977810026E906 /* Constants.swift */; };
		6EB7583A25C977D40026E906 /* NetworkPublisher.swift in Sources */ = {isa = PBXBuildFile; fileRef = 6EB7583925C977D40026E906 /* NetworkPublisher.swift */; };
		6EB7583D25C9783B0026E906 /* BaseAPIProtocol.swift in Sources */ = {isa = PBXBuildFile; fileRef = 6EB7583C25C9783B0026E906 /* BaseAPIProtocol.swift */; };
/* End PBXBuildFile section */

/* Begin PBXFileReference section */
		04A2E34EBCE8A6F355D1B73C /* Pods-BreakingBadCharacters.debug.xcconfig */ = {isa = PBXFileReference; includeInIndex = 1; lastKnownFileType = text.xcconfig; name = "Pods-BreakingBadCharacters.debug.xcconfig"; path = "Target Support Files/Pods-BreakingBadCharacters/Pods-BreakingBadCharacters.debug.xcconfig"; sourceTree = "<group>"; };
		30CC7F45C4CD7405A1E2A664 /* Pods_BreakingBadCharacters.framework */ = {isa = PBXFileReference; explicitFileType = wrapper.framework; includeInIndex = 0; path = Pods_BreakingBadCharacters.framework; sourceTree = BUILT_PRODUCTS_DIR; };
		6EB7581A25C976C90026E906 /* BreakingBadCharacters.app */ = {isa = PBXFileReference; explicitFileType = wrapper.application; includeInIndex = 0; path = BreakingBadCharacters.app; sourceTree = BUILT_PRODUCTS_DIR; };
		6EB7581D25C976C90026E906 /* AppDelegate.swift */ = {isa = PBXFileReference; lastKnownFileType = sourcecode.swift; path = AppDelegate.swift; sourceTree = "<group>"; };
		6EB7581F25C976C90026E906 /* SceneDelegate.swift */ = {isa = PBXFileReference; lastKnownFileType = sourcecode.swift; path = SceneDelegate.swift; sourceTree = "<group>"; };
		6EB7582125C976C90026E906 /* ContentView.swift */ = {isa = PBXFileReference; lastKnownFileType = sourcecode.swift; path = ContentView.swift; sourceTree = "<group>"; };
		6EB7582325C976CB0026E906 /* Assets.xcassets */ = {isa = PBXFileReference; lastKnownFileType = folder.assetcatalog; path = Assets.xcassets; sourceTree = "<group>"; };
		6EB7582625C976CB0026E906 /* Preview Assets.xcassets */ = {isa = PBXFileReference; lastKnownFileType = folder.assetcatalog; path = "Preview Assets.xcassets"; sourceTree = "<group>"; };
		6EB7582925C976CB0026E906 /* Base */ = {isa = PBXFileReference; lastKnownFileType = file.storyboard; name = Base; path = Base.lproj/LaunchScreen.storyboard; sourceTree = "<group>"; };
		6EB7582B25C976CB0026E906 /* Info.plist */ = {isa = PBXFileReference; lastKnownFileType = text.plist.xml; path = Info.plist; sourceTree = "<group>"; };
		6EB7583525C977810026E906 /* Constants.swift */ = {isa = PBXFileReference; lastKnownFileType = sourcecode.swift; path = Constants.swift; sourceTree = "<group>"; };
		6EB7583925C977D40026E906 /* NetworkPublisher.swift */ = {isa = PBXFileReference; lastKnownFileType = sourcecode.swift; path = NetworkPublisher.swift; sourceTree = "<group>"; };
		6EB7583C25C9783B0026E906 /* BaseAPIProtocol.swift */ = {isa = PBXFileReference; lastKnownFileType = sourcecode.swift; path = BaseAPIProtocol.swift; sourceTree = "<group>"; };
		C621E9C20E00609F0B048F43 /* Pods-BreakingBadCharacters.release.xcconfig */ = {isa = PBXFileReference; includeInIndex = 1; lastKnownFileType = text.xcconfig; name = "Pods-BreakingBadCharacters.release.xcconfig"; path = "Target Support Files/Pods-BreakingBadCharacters/Pods-BreakingBadCharacters.release.xcconfig"; sourceTree = "<group>"; };
/* End PBXFileReference section */

/* Begin PBXFrameworksBuildPhase section */
		6EB7581725C976C90026E906 /* Frameworks */ = {
			isa = PBXFrameworksBuildPhase;
			buildActionMask = 2147483647;
			files = (
				6314C9A954157F7F6F097D7D /* Pods_BreakingBadCharacters.framework in Frameworks */,
			);
			runOnlyForDeploymentPostprocessing = 0;
		};
/* End PBXFrameworksBuildPhase section */

/* Begin PBXGroup section */
		17743A613F2D47D24DD37CB9 /* Frameworks */ = {
			isa = PBXGroup;
			children = (
				30CC7F45C4CD7405A1E2A664 /* Pods_BreakingBadCharacters.framework */,
			);
			name = Frameworks;
			sourceTree = "<group>";
		};
		4B9FAC7AC46B8BB559216BB6 /* Pods */ = {
			isa = PBXGroup;
			children = (
				04A2E34EBCE8A6F355D1B73C /* Pods-BreakingBadCharacters.debug.xcconfig */,
				C621E9C20E00609F0B048F43 /* Pods-BreakingBadCharacters.release.xcconfig */,
			);
			name = Pods;
			path = Pods;
			sourceTree = "<group>";
		};
		6EB7581125C976C90026E906 = {
			isa = PBXGroup;
			children = (
				6EB7581C25C976C90026E906 /* BreakingBadCharacters */,
				6EB7581B25C976C90026E906 /* Products */,
				4B9FAC7AC46B8BB559216BB6 /* Pods */,
				17743A613F2D47D24DD37CB9 /* Frameworks */,
			);
			sourceTree = "<group>";
		};
		6EB7581B25C976C90026E906 /* Products */ = {
			isa = PBXGroup;
			children = (
				6EB7581A25C976C90026E906 /* BreakingBadCharacters.app */,
			);
			name = Products;
			sourceTree = "<group>";
		};
		6EB7581C25C976C90026E906 /* BreakingBadCharacters */ = {
			isa = PBXGroup;
			children = (
				6EB7583225C976DF0026E906 /* API */,
				6EB7581D25C976C90026E906 /* AppDelegate.swift */,
				6EB7581F25C976C90026E906 /* SceneDelegate.swift */,
				6EB7582125C976C90026E906 /* ContentView.swift */,
				6EB7582325C976CB0026E906 /* Assets.xcassets */,
				6EB7582825C976CB0026E906 /* LaunchScreen.storyboard */,
				6EB7582B25C976CB0026E906 /* Info.plist */,
				6EB7582525C976CB0026E906 /* Preview Content */,
			);
			path = BreakingBadCharacters;
			sourceTree = "<group>";
		};
		6EB7582525C976CB0026E906 /* Preview Content */ = {
			isa = PBXGroup;
			children = (
				6EB7582625C976CB0026E906 /* Preview Assets.xcassets */,
			);
			path = "Preview Content";
			sourceTree = "<group>";
		};
		6EB7583225C976DF0026E906 /* API */ = {
			isa = PBXGroup;
			children = (
				6EB7583425C9770F0026E906 /* Services */,
				6EB7583325C977090026E906 /* Models */,
				6EB7583525C977810026E906 /* Constants.swift */,
				6EB7583925C977D40026E906 /* NetworkPublisher.swift */,
				6EB7583C25C9783B0026E906 /* BaseAPIProtocol.swift */,
			);
			path = API;
			sourceTree = "<group>";
		};
		6EB7583325C977090026E906 /* Models */ = {
			isa = PBXGroup;
			children = (
			);
			path = Models;
			sourceTree = "<group>";
		};
		6EB7583425C9770F0026E906 /* Services */ = {
			isa = PBXGroup;
			children = (
			);
			path = Services;
			sourceTree = "<group>";
		};
/* End PBXGroup section */

/* Begin PBXNativeTarget section */
		6EB7581925C976C90026E906 /* BreakingBadCharacters */ = {
			isa = PBXNativeTarget;
			buildConfigurationList = 6EB7582E25C976CB0026E906 /* Build configuration list for PBXNativeTarget "BreakingBadCharacters" */;
			buildPhases = (
				D53D5A5CDFC741E760352BCF /* [CP] Check Pods Manifest.lock */,
				6EB7581625C976C90026E906 /* Sources */,
				6EB7581725C976C90026E906 /* Frameworks */,
				6EB7581825C976C90026E906 /* Resources */,
				4A610574CC391EB5180B7F07 /* [CP] Embed Pods Frameworks */,
			);
			buildRules = (
			);
			dependencies = (
			);
			name = BreakingBadCharacters;
			productName = BreakingBadCharacters;
			productReference = 6EB7581A25C976C90026E906 /* BreakingBadCharacters.app */;
			productType = "com.apple.product-type.application";
		};
/* End PBXNativeTarget section */

/* Begin PBXProject section */
		6EB7581225C976C90026E906 /* Project object */ = {
			isa = PBXProject;
			attributes = {
				LastSwiftUpdateCheck = 1230;
				LastUpgradeCheck = 1230;
				TargetAttributes = {
					6EB7581925C976C90026E906 = {
						CreatedOnToolsVersion = 12.3;
					};
				};
			};
			buildConfigurationList = 6EB7581525C976C90026E906 /* Build configuration list for PBXProject "BreakingBadCharacters" */;
			compatibilityVersion = "Xcode 9.3";
			developmentRegion = en;
			hasScannedForEncodings = 0;
			knownRegions = (
				en,
				Base,
			);
			mainGroup = 6EB7581125C976C90026E906;
			productRefGroup = 6EB7581B25C976C90026E906 /* Products */;
			projectDirPath = "";
			projectRoot = "";
			targets = (
				6EB7581925C976C90026E906 /* BreakingBadCharacters */,
			);
		};
/* End PBXProject section */

/* Begin PBXResourcesBuildPhase section */
		6EB7581825C976C90026E906 /* Resources */ = {
			isa = PBXResourcesBuildPhase;
			buildActionMask = 2147483647;
			files = (
				6EB7582A25C976CB0026E906 /* LaunchScreen.storyboard in Resources */,
				6EB7582725C976CB0026E906 /* Preview Assets.xcassets in Resources */,
				6EB7582425C976CB0026E906 /* Assets.xcassets in Resources */,
			);
			runOnlyForDeploymentPostprocessing = 0;
		};
/* End PBXResourcesBuildPhase section */

/* Begin PBXShellScriptBuildPhase section */
		4A610574CC391EB5180B7F07 /* [CP] Embed Pods Frameworks */ = {
			isa = PBXShellScriptBuildPhase;
			buildActionMask = 2147483647;
			files = (
			);
			inputFileListPaths = (
				"${PODS_ROOT}/Target Support Files/Pods-BreakingBadCharacters/Pods-BreakingBadCharacters-frameworks-${CONFIGURATION}-input-files.xcfilelist",
			);
			name = "[CP] Embed Pods Frameworks";
			outputFileListPaths = (
				"${PODS_ROOT}/Target Support Files/Pods-BreakingBadCharacters/Pods-BreakingBadCharacters-frameworks-${CONFIGURATION}-output-files.xcfilelist",
			);
			runOnlyForDeploymentPostprocessing = 0;
			shellPath = /bin/sh;
			shellScript = "\"${PODS_ROOT}/Target Support Files/Pods-BreakingBadCharacters/Pods-BreakingBadCharacters-frameworks.sh\"\n";
			showEnvVarsInLog = 0;
		};
		D53D5A5CDFC741E760352BCF /* [CP] Check Pods Manifest.lock */ = {
			isa = PBXShellScriptBuildPhase;
			buildActionMask = 2147483647;
			files = (
			);
			inputFileListPaths = (
			);
			inputPaths = (
				"${PODS_PODFILE_DIR_PATH}/Podfile.lock",
				"${PODS_ROOT}/Manifest.lock",
			);
			name = "[CP] Check Pods Manifest.lock";
			outputFileListPaths = (
			);
			outputPaths = (
				"$(DERIVED_FILE_DIR)/Pods-BreakingBadCharacters-checkManifestLockResult.txt",
			);
			runOnlyForDeploymentPostprocessing = 0;
			shellPath = /bin/sh;
			shellScript = "diff \"${PODS_PODFILE_DIR_PATH}/Podfile.lock\" \"${PODS_ROOT}/Manifest.lock\" > /dev/null\nif [ $? != 0 ] ; then\n    # print error to STDERR\n    echo \"error: The sandbox is not in sync with the Podfile.lock. Run 'pod install' or update your CocoaPods installation.\" >&2\n    exit 1\nfi\n# This output is used by Xcode 'outputs' to avoid re-running this script phase.\necho \"SUCCESS\" > \"${SCRIPT_OUTPUT_FILE_0}\"\n";
			showEnvVarsInLog = 0;
		};
/* End PBXShellScriptBuildPhase section */

/* Begin PBXSourcesBuildPhase section */
		6EB7581625C976C90026E906 /* Sources */ = {
			isa = PBXSourcesBuildPhase;
			buildActionMask = 2147483647;
			files = (
				6EB7581E25C976C90026E906 /* AppDelegate.swift in Sources */,
				6EB7582025C976C90026E906 /* SceneDelegate.swift in Sources */,
				6EB7582225C976C90026E906 /* ContentView.swift in Sources */,
				6EB7583A25C977D40026E906 /* NetworkPublisher.swift in Sources */,
				6EB7583625C977810026E906 /* Constants.swift in Sources */,
				6EB7583D25C9783B0026E906 /* BaseAPIProtocol.swift in Sources */,
			);
			runOnlyForDeploymentPostprocessing = 0;
		};
/* End PBXSourcesBuildPhase section */

/* Begin PBXVariantGroup section */
		6EB7582825C976CB0026E906 /* LaunchScreen.storyboard */ = {
			isa = PBXVariantGroup;
			children = (
				6EB7582925C976CB0026E906 /* Base */,
			);
			name = LaunchScreen.storyboard;
			sourceTree = "<group>";
		};
/* End PBXVariantGroup section */

/* Begin XCBuildConfiguration section */
		6EB7582C25C976CB0026E906 /* Debug */ = {
			isa = XCBuildConfiguration;
			buildSettings = {
				ALWAYS_SEARCH_USER_PATHS = NO;
				CLANG_ANALYZER_NONNULL = YES;
				CLANG_ANALYZER_NUMBER_OBJECT_CONVERSION = YES_AGGRESSIVE;
				CLANG_CXX_LANGUAGE_STANDARD = "gnu++14";
				CLANG_CXX_LIBRARY = "libc++";
				CLANG_ENABLE_MODULES = YES;
				CLANG_ENABLE_OBJC_ARC = YES;
				CLANG_ENABLE_OBJC_WEAK = YES;
				CLANG_WARN_BLOCK_CAPTURE_AUTORELEASING = YES;
				CLANG_WARN_BOOL_CONVERSION = YES;
				CLANG_WARN_COMMA = YES;
				CLANG_WARN_CONSTANT_CONVERSION = YES;
				CLANG_WARN_DEPRECATED_OBJC_IMPLEMENTATIONS = YES;
				CLANG_WARN_DIRECT_OBJC_ISA_USAGE = YES_ERROR;
				CLANG_WARN_DOCUMENTATION_COMMENTS = YES;
				CLANG_WARN_EMPTY_BODY = YES;
				CLANG_WARN_ENUM_CONVERSION = YES;
				CLANG_WARN_INFINITE_RECURSION = YES;
				CLANG_WARN_INT_CONVERSION = YES;
				CLANG_WARN_NON_LITERAL_NULL_CONVERSION = YES;
				CLANG_WARN_OBJC_IMPLICIT_RETAIN_SELF = YES;
				CLANG_WARN_OBJC_LITERAL_CONVERSION = YES;
				CLANG_WARN_OBJC_ROOT_CLASS = YES_ERROR;
				CLANG_WARN_QUOTED_INCLUDE_IN_FRAMEWORK_HEADER = YES;
				CLANG_WARN_RANGE_LOOP_ANALYSIS = YES;
				CLANG_WARN_STRICT_PROTOTYPES = YES;
				CLANG_WARN_SUSPICIOUS_MOVE = YES;
				CLANG_WARN_UNGUARDED_AVAILABILITY = YES_AGGRESSIVE;
				CLANG_WARN_UNREACHABLE_CODE = YES;
				CLANG_WARN__DUPLICATE_METHOD_MATCH = YES;
				COPY_PHASE_STRIP = NO;
				DEBUG_INFORMATION_FORMAT = dwarf;
				ENABLE_STRICT_OBJC_MSGSEND = YES;
				ENABLE_TESTABILITY = YES;
				GCC_C_LANGUAGE_STANDARD = gnu11;
				GCC_DYNAMIC_NO_PIC = NO;
				GCC_NO_COMMON_BLOCKS = YES;
				GCC_OPTIMIZATION_LEVEL = 0;
				GCC_PREPROCESSOR_DEFINITIONS = (
					"DEBUG=1",
					"$(inherited)",
				);
				GCC_WARN_64_TO_32_BIT_CONVERSION = YES;
				GCC_WARN_ABOUT_RETURN_TYPE = YES_ERROR;
				GCC_WARN_UNDECLARED_SELECTOR = YES;
				GCC_WARN_UNINITIALIZED_AUTOS = YES_AGGRESSIVE;
				GCC_WARN_UNUSED_FUNCTION = YES;
				GCC_WARN_UNUSED_VARIABLE = YES;
				IPHONEOS_DEPLOYMENT_TARGET = 14.3;
				MTL_ENABLE_DEBUG_INFO = INCLUDE_SOURCE;
				MTL_FAST_MATH = YES;
				ONLY_ACTIVE_ARCH = YES;
				SDKROOT = iphoneos;
				SWIFT_ACTIVE_COMPILATION_CONDITIONS = DEBUG;
				SWIFT_OPTIMIZATION_LEVEL = "-Onone";
			};
			name = Debug;
		};
		6EB7582D25C976CB0026E906 /* Release */ = {
			isa = XCBuildConfiguration;
			buildSettings = {
				ALWAYS_SEARCH_USER_PATHS = NO;
				CLANG_ANALYZER_NONNULL = YES;
				CLANG_ANALYZER_NUMBER_OBJECT_CONVERSION = YES_AGGRESSIVE;
				CLANG_CXX_LANGUAGE_STANDARD = "gnu++14";
				CLANG_CXX_LIBRARY = "libc++";
				CLANG_ENABLE_MODULES = YES;
				CLANG_ENABLE_OBJC_ARC = YES;
				CLANG_ENABLE_OBJC_WEAK = YES;
				CLANG_WARN_BLOCK_CAPTURE_AUTORELEASING = YES;
				CLANG_WARN_BOOL_CONVERSION = YES;
				CLANG_WARN_COMMA = YES;
				CLANG_WARN_CONSTANT_CONVERSION = YES;
				CLANG_WARN_DEPRECATED_OBJC_IMPLEMENTATIONS = YES;
				CLANG_WARN_DIRECT_OBJC_ISA_USAGE = YES_ERROR;
				CLANG_WARN_DOCUMENTATION_COMMENTS = YES;
				CLANG_WARN_EMPTY_BODY = YES;
				CLANG_WARN_ENUM_CONVERSION = YES;
				CLANG_WARN_INFINITE_RECURSION = YES;
				CLANG_WARN_INT_CONVERSION = YES;
				CLANG_WARN_NON_LITERAL_NULL_CONVERSION = YES;
				CLANG_WARN_OBJC_IMPLICIT_RETAIN_SELF = YES;
				CLANG_WARN_OBJC_LITERAL_CONVERSION = YES;
				CLANG_WARN_OBJC_ROOT_CLASS = YES_ERROR;
				CLANG_WARN_QUOTED_INCLUDE_IN_FRAMEWORK_HEADER = YES;
				CLANG_WARN_RANGE_LOOP_ANALYSIS = YES;
				CLANG_WARN_STRICT_PROTOTYPES = YES;
				CLANG_WARN_SUSPICIOUS_MOVE = YES;
				CLANG_WARN_UNGUARDED_AVAILABILITY = YES_AGGRESSIVE;
				CLANG_WARN_UNREACHABLE_CODE = YES;
				CLANG_WARN__DUPLICATE_METHOD_MATCH = YES;
				COPY_PHASE_STRIP = NO;
				DEBUG_INFORMATION_FORMAT = "dwarf-with-dsym";
				ENABLE_NS_ASSERTIONS = NO;
				ENABLE_STRICT_OBJC_MSGSEND = YES;
				GCC_C_LANGUAGE_STANDARD = gnu11;
				GCC_NO_COMMON_BLOCKS = YES;
				GCC_WARN_64_TO_32_BIT_CONVERSION = YES;
				GCC_WARN_ABOUT_RETURN_TYPE = YES_ERROR;
				GCC_WARN_UNDECLARED_SELECTOR = YES;
				GCC_WARN_UNINITIALIZED_AUTOS = YES_AGGRESSIVE;
				GCC_WARN_UNUSED_FUNCTION = YES;
				GCC_WARN_UNUSED_VARIABLE = YES;
				IPHONEOS_DEPLOYMENT_TARGET = 14.3;
				MTL_ENABLE_DEBUG_INFO = NO;
				MTL_FAST_MATH = YES;
				SDKROOT = iphoneos;
				SWIFT_COMPILATION_MODE = wholemodule;
				SWIFT_OPTIMIZATION_LEVEL = "-O";
				VALIDATE_PRODUCT = YES;
			};
			name = Release;
		};
		6EB7582F25C976CB0026E906 /* Debug */ = {
			isa = XCBuildConfiguration;
			baseConfigurationReference = 04A2E34EBCE8A6F355D1B73C /* Pods-BreakingBadCharacters.debug.xcconfig */;
			buildSettings = {
				ASSETCATALOG_COMPILER_APPICON_NAME = AppIcon;
				ASSETCATALOG_COMPILER_GLOBAL_ACCENT_COLOR_NAME = AccentColor;
				CODE_SIGN_STYLE = Automatic;
				DEVELOPMENT_ASSET_PATHS = "\"BreakingBadCharacters/Preview Content\"";
				DEVELOPMENT_TEAM = 57CHQPP6S7;
				ENABLE_PREVIEWS = YES;
				INFOPLIST_FILE = BreakingBadCharacters/Info.plist;
				LD_RUNPATH_SEARCH_PATHS = (
					"$(inherited)",
					"@executable_path/Frameworks",
				);
				PRODUCT_BUNDLE_IDENTIFIER = khawla.BreakingBadCharacters;
				PRODUCT_NAME = "$(TARGET_NAME)";
				SWIFT_VERSION = 5.0;
				TARGETED_DEVICE_FAMILY = "1,2";
			};
			name = Debug;
		};
		6EB7583025C976CB0026E906 /* Release */ = {
			isa = XCBuildConfiguration;
			baseConfigurationReference = C621E9C20E00609F0B048F43 /* Pods-BreakingBadCharacters.release.xcconfig */;
			buildSettings = {
				ASSETCATALOG_COMPILER_APPICON_NAME = AppIcon;
				ASSETCATALOG_COMPILER_GLOBAL_ACCENT_COLOR_NAME = AccentColor;
				CODE_SIGN_STYLE = Automatic;
				DEVELOPMENT_ASSET_PATHS = "\"BreakingBadCharacters/Preview Content\"";
				DEVELOPMENT_TEAM = 57CHQPP6S7;
				ENABLE_PREVIEWS = YES;
				INFOPLIST_FILE = BreakingBadCharacters/Info.plist;
				LD_RUNPATH_SEARCH_PATHS = (
					"$(inherited)",
					"@executable_path/Frameworks",
				);
				PRODUCT_BUNDLE_IDENTIFIER = khawla.BreakingBadCharacters;
				PRODUCT_NAME = "$(TARGET_NAME)";
				SWIFT_VERSION = 5.0;
				TARGETED_DEVICE_FAMILY = "1,2";
			};
			name = Release;
		};
/* End XCBuildConfiguration section */

/* Begin XCConfigurationList section */
		6EB7581525C976C90026E906 /* Build configuration list for PBXProject "BreakingBadCharacters" */ = {
			isa = XCConfigurationList;
			buildConfigurations = (
				6EB7582C25C976CB0026E906 /* Debug */,
				6EB7582D25C976CB0026E906 /* Release */,
			);
			defaultConfigurationIsVisible = 0;
			defaultConfigurationName = Release;
		};
		6EB7582E25C976CB0026E906 /* Build configuration list for PBXNativeTarget "BreakingBadCharacters" */ = {
			isa = XCConfigurationList;
			buildConfigurations = (
				6EB7582F25C976CB0026E906 /* Debug */,
				6EB7583025C976CB0026E906 /* Release */,
			);
			defaultConfigurationIsVisible = 0;
			defaultConfigurationName = Release;
		};
/* End XCConfigurationList section */
	};
	rootObject = 6EB7581225C976C90026E906 /* Project object */;
}
